// !$*UTF8*$!
{
	archiveVersion = 1;
	classes = {
	};
	objectVersion = 56;
	objects = {

/* Begin PBXBuildFile section */
		F818D70029E04E70006C83AC /* AgoraViewController.swift in Sources */ = {isa = PBXBuildFile; fileRef = F818D6FF29E04E70006C83AC /* AgoraViewController.swift */; };
		F818D70329E05487006C83AC /* CallView.swift in Sources */ = {isa = PBXBuildFile; fileRef = F818D70229E05487006C83AC /* CallView.swift */; };
		F818D70529E0573D006C83AC /* AgoraRep.swift in Sources */ = {isa = PBXBuildFile; fileRef = F818D70429E0573D006C83AC /* AgoraRep.swift */; };
		F83FD7DE29DF4B9A0072F2D1 /* VoiceCallingAppApp.swift in Sources */ = {isa = PBXBuildFile; fileRef = F83FD7DD29DF4B9A0072F2D1 /* VoiceCallingAppApp.swift */; };
		F83FD7E029DF4B9A0072F2D1 /* ContentView.swift in Sources */ = {isa = PBXBuildFile; fileRef = F83FD7DF29DF4B9A0072F2D1 /* ContentView.swift */; };
		F83FD7E229DF4B9C0072F2D1 /* Assets.xcassets in Resources */ = {isa = PBXBuildFile; fileRef = F83FD7E129DF4B9C0072F2D1 /* Assets.xcassets */; };
		F83FD7E529DF4B9C0072F2D1 /* Preview Assets.xcassets in Resources */ = {isa = PBXBuildFile; fileRef = F83FD7E429DF4B9C0072F2D1 /* Preview Assets.xcassets */; };
		F83FD7EE29DF4D7D0072F2D1 /* RtcBasic in Frameworks */ = {isa = PBXBuildFile; productRef = F83FD7ED29DF4D7D0072F2D1 /* RtcBasic */; };
/* End PBXBuildFile section */

/* Begin PBXFileReference section */
		F818D6FF29E04E70006C83AC /* AgoraViewController.swift */ = {isa = PBXFileReference; lastKnownFileType = sourcecode.swift; path = AgoraViewController.swift; sourceTree = "<group>"; };
		F818D70229E05487006C83AC /* CallView.swift */ = {isa = PBXFileReference; lastKnownFileType = sourcecode.swift; path = CallView.swift; sourceTree = "<group>"; };
		F818D70429E0573D006C83AC /* AgoraRep.swift */ = {isa = PBXFileReference; lastKnownFileType = sourcecode.swift; path = AgoraRep.swift; sourceTree = "<group>"; };
		F83FD7DA29DF4B9A0072F2D1 /* VoiceCallingApp.app */ = {isa = PBXFileReference; explicitFileType = wrapper.application; includeInIndex = 0; path = VoiceCallingApp.app; sourceTree = BUILT_PRODUCTS_DIR; };
		F83FD7DD29DF4B9A0072F2D1 /* VoiceCallingAppApp.swift */ = {isa = PBXFileReference; lastKnownFileType = sourcecode.swift; path = VoiceCallingAppApp.swift; sourceTree = "<group>"; };
		F83FD7DF29DF4B9A0072F2D1 /* ContentView.swift */ = {isa = PBXFileReference; lastKnownFileType = sourcecode.swift; path = ContentView.swift; sourceTree = "<group>"; };
		F83FD7E129DF4B9C0072F2D1 /* Assets.xcassets */ = {isa = PBXFileReference; lastKnownFileType = folder.assetcatalog; path = Assets.xcassets; sourceTree = "<group>"; };
		F83FD7E429DF4B9C0072F2D1 /* Preview Assets.xcassets */ = {isa = PBXFileReference; lastKnownFileType = folder.assetcatalog; path = "Preview Assets.xcassets"; sourceTree = "<group>"; };
		F83FD7EF29DF4E950072F2D1 /* Info.plist */ = {isa = PBXFileReference; lastKnownFileType = text.plist; path = Info.plist; sourceTree = "<group>"; };
/* End PBXFileReference section */

/* Begin PBXFrameworksBuildPhase section */
		F83FD7D729DF4B9A0072F2D1 /* Frameworks */ = {
			isa = PBXFrameworksBuildPhase;
			buildActionMask = 2147483647;
			files = (
				F83FD7EE29DF4D7D0072F2D1 /* RtcBasic in Frameworks */,
			);
			runOnlyForDeploymentPostprocessing = 0;
		};
/* End PBXFrameworksBuildPhase section */

/* Begin PBXGroup section */
		F818D70129E04E78006C83AC /* ViewController */ = {
			isa = PBXGroup;
			children = (
				F818D6FF29E04E70006C83AC /* AgoraViewController.swift */,
			);
			path = ViewController;
			sourceTree = "<group>";
		};
		F83FD7D129DF4B9A0072F2D1 = {
			isa = PBXGroup;
			children = (
				F83FD7DC29DF4B9A0072F2D1 /* VoiceCallingApp */,
				F83FD7DB29DF4B9A0072F2D1 /* Products */,
			);
			sourceTree = "<group>";
		};
		F83FD7DB29DF4B9A0072F2D1 /* Products */ = {
			isa = PBXGroup;
			children = (
				F83FD7DA29DF4B9A0072F2D1 /* VoiceCallingApp.app */,
			);
			name = Products;
			sourceTree = "<group>";
		};
		F83FD7DC29DF4B9A0072F2D1 /* VoiceCallingApp */ = {
			isa = PBXGroup;
			children = (
				F818D70429E0573D006C83AC /* AgoraRep.swift */,
				F83FD7EF29DF4E950072F2D1 /* Info.plist */,
				F83FD7DD29DF4B9A0072F2D1 /* VoiceCallingAppApp.swift */,
				F818D70129E04E78006C83AC /* ViewController */,
				F83FD7EB29DF4BB10072F2D1 /* View */,
				F83FD7E129DF4B9C0072F2D1 /* Assets.xcassets */,
				F83FD7E329DF4B9C0072F2D1 /* Preview Content */,
			);
			path = VoiceCallingApp;
			sourceTree = "<group>";
		};
		F83FD7E329DF4B9C0072F2D1 /* Preview Content */ = {
			isa = PBXGroup;
			children = (
				F83FD7E429DF4B9C0072F2D1 /* Preview Assets.xcassets */,
			);
			path = "Preview Content";
			sourceTree = "<group>";
		};
		F83FD7EB29DF4BB10072F2D1 /* View */ = {
			isa = PBXGroup;
			children = (
				F83FD7DF29DF4B9A0072F2D1 /* ContentView.swift */,
				F818D70229E05487006C83AC /* CallView.swift */,
			);
			path = View;
			sourceTree = "<group>";
		};
/* End PBXGroup section */

/* Begin PBXNativeTarget section */
		F83FD7D929DF4B9A0072F2D1 /* VoiceCallingApp */ = {
			isa = PBXNativeTarget;
			buildConfigurationList = F83FD7E829DF4B9C0072F2D1 /* Build configuration list for PBXNativeTarget "VoiceCallingApp" */;
			buildPhases = (
				F83FD7D629DF4B9A0072F2D1 /* Sources */,
				F83FD7D729DF4B9A0072F2D1 /* Frameworks */,
				F83FD7D829DF4B9A0072F2D1 /* Resources */,
			);
			buildRules = (
			);
			dependencies = (
			);
			name = VoiceCallingApp;
			packageProductDependencies = (
				F83FD7ED29DF4D7D0072F2D1 /* RtcBasic */,
			);
			productName = VoiceCallingApp;
			productReference = F83FD7DA29DF4B9A0072F2D1 /* VoiceCallingApp.app */;
			productType = "com.apple.product-type.application";
		};
/* End PBXNativeTarget section */

/* Begin PBXProject section */
		F83FD7D229DF4B9A0072F2D1 /* Project object */ = {
			isa = PBXProject;
			attributes = {
				BuildIndependentTargetsInParallel = 1;
				LastSwiftUpdateCheck = 1410;
				LastUpgradeCheck = 1410;
				TargetAttributes = {
					F83FD7D929DF4B9A0072F2D1 = {
						CreatedOnToolsVersion = 14.1;
					};
				};
			};
			buildConfigurationList = F83FD7D529DF4B9A0072F2D1 /* Build configuration list for PBXProject "VoiceCallingApp" */;
			compatibilityVersion = "Xcode 14.0";
			developmentRegion = en;
			hasScannedForEncodings = 0;
			knownRegions = (
				en,
				Base,
			);
			mainGroup = F83FD7D129DF4B9A0072F2D1;
			packageReferences = (
				F83FD7EC29DF4D7D0072F2D1 /* XCRemoteSwiftPackageReference "AgoraAudio_iOS" */,
			);
			productRefGroup = F83FD7DB29DF4B9A0072F2D1 /* Products */;
			projectDirPath = "";
			projectRoot = "";
			targets = (
				F83FD7D929DF4B9A0072F2D1 /* VoiceCallingApp */,
			);
		};
/* End PBXProject section */

/* Begin PBXResourcesBuildPhase section */
		F83FD7D829DF4B9A0072F2D1 /* Resources */ = {
			isa = PBXResourcesBuildPhase;
			buildActionMask = 2147483647;
			files = (
				F83FD7E529DF4B9C0072F2D1 /* Preview Assets.xcassets in Resources */,
				F83FD7E229DF4B9C0072F2D1 /* Assets.xcassets in Resources */,
			);
			runOnlyForDeploymentPostprocessing = 0;
		};
/* End PBXResourcesBuildPhase section */

/* Begin PBXSourcesBuildPhase section */
		F83FD7D629DF4B9A0072F2D1 /* Sources */ = {
			isa = PBXSourcesBuildPhase;
			buildActionMask = 2147483647;
			files = (
				F818D70529E0573D006C83AC /* AgoraRep.swift in Sources */,
				F818D70329E05487006C83AC /* CallView.swift in Sources */,
				F83FD7E029DF4B9A0072F2D1 /* ContentView.swift in Sources */,
				F818D70029E04E70006C83AC /* AgoraViewController.swift in Sources */,
				F83FD7DE29DF4B9A0072F2D1 /* VoiceCallingAppApp.swift in Sources */,
			);
			runOnlyForDeploymentPostprocessing = 0;
		};
/* End PBXSourcesBuildPhase section */

/* Begin XCBuildConfiguration section */
		F83FD7E629DF4B9C0072F2D1 /* Debug */ = {
			isa = XCBuildConfiguration;
			buildSettings = {
				ALWAYS_SEARCH_USER_PATHS = NO;
				CLANG_ANALYZER_NONNULL = YES;
				CLANG_ANALYZER_NUMBER_OBJECT_CONVERSION = YES_AGGRESSIVE;
				CLANG_CXX_LANGUAGE_STANDARD = "gnu++20";
				CLANG_ENABLE_MODULES = YES;
				CLANG_ENABLE_OBJC_ARC = YES;
				CLANG_ENABLE_OBJC_WEAK = YES;
				CLANG_WARN_BLOCK_CAPTURE_AUTORELEASING = YES;
				CLANG_WARN_BOOL_CONVERSION = YES;
				CLANG_WARN_COMMA = YES;
				CLANG_WARN_CONSTANT_CONVERSION = YES;
				CLANG_WARN_DEPRECATED_OBJC_IMPLEMENTATIONS = YES;
				CLANG_WARN_DIRECT_OBJC_ISA_USAGE = YES_ERROR;
				CLANG_WARN_DOCUMENTATION_COMMENTS = YES;
				CLANG_WARN_EMPTY_BODY = YES;
				CLANG_WARN_ENUM_CONVERSION = YES;
				CLANG_WARN_INFINITE_RECURSION = YES;
				CLANG_WARN_INT_CONVERSION = YES;
				CLANG_WARN_NON_LITERAL_NULL_CONVERSION = YES;
				CLANG_WARN_OBJC_IMPLICIT_RETAIN_SELF = YES;
				CLANG_WARN_OBJC_LITERAL_CONVERSION = YES;
				CLANG_WARN_OBJC_ROOT_CLASS = YES_ERROR;
				CLANG_WARN_QUOTED_INCLUDE_IN_FRAMEWORK_HEADER = YES;
				CLANG_WARN_RANGE_LOOP_ANALYSIS = YES;
				CLANG_WARN_STRICT_PROTOTYPES = YES;
				CLANG_WARN_SUSPICIOUS_MOVE = YES;
				CLANG_WARN_UNGUARDED_AVAILABILITY = YES_AGGRESSIVE;
				CLANG_WARN_UNREACHABLE_CODE = YES;
				CLANG_WARN__DUPLICATE_METHOD_MATCH = YES;
				COPY_PHASE_STRIP = NO;
				DEBUG_INFORMATION_FORMAT = dwarf;
				ENABLE_STRICT_OBJC_MSGSEND = YES;
				ENABLE_TESTABILITY = YES;
				GCC_C_LANGUAGE_STANDARD = gnu11;
				GCC_DYNAMIC_NO_PIC = NO;
				GCC_NO_COMMON_BLOCKS = YES;
				GCC_OPTIMIZATION_LEVEL = 0;
				GCC_PREPROCESSOR_DEFINITIONS = (
					"DEBUG=1",
					"$(inherited)",
				);
				GCC_WARN_64_TO_32_BIT_CONVERSION = YES;
				GCC_WARN_ABOUT_RETURN_TYPE = YES_ERROR;
				GCC_WARN_UNDECLARED_SELECTOR = YES;
				GCC_WARN_UNINITIALIZED_AUTOS = YES_AGGRESSIVE;
				GCC_WARN_UNUSED_FUNCTION = YES;
				GCC_WARN_UNUSED_VARIABLE = YES;
				IPHONEOS_DEPLOYMENT_TARGET = 16.1;
				MTL_ENABLE_DEBUG_INFO = INCLUDE_SOURCE;
				MTL_FAST_MATH = YES;
				ONLY_ACTIVE_ARCH = YES;
				SDKROOT = iphoneos;
				SWIFT_ACTIVE_COMPILATION_CONDITIONS = DEBUG;
				SWIFT_OPTIMIZATION_LEVEL = "-Onone";
			};
			name = Debug;
		};
		F83FD7E729DF4B9C0072F2D1 /* Release */ = {
			isa = XCBuildConfiguration;
			buildSettings = {
				ALWAYS_SEARCH_USER_PATHS = NO;
				CLANG_ANALYZER_NONNULL = YES;
				CLANG_ANALYZER_NUMBER_OBJECT_CONVERSION = YES_AGGRESSIVE;
				CLANG_CXX_LANGUAGE_STANDARD = "gnu++20";
				CLANG_ENABLE_MODULES = YES;
				CLANG_ENABLE_OBJC_ARC = YES;
				CLANG_ENABLE_OBJC_WEAK = YES;
				CLANG_WARN_BLOCK_CAPTURE_AUTORELEASING = YES;
				CLANG_WARN_BOOL_CONVERSION = YES;
				CLANG_WARN_COMMA = YES;
				CLANG_WARN_CONSTANT_CONVERSION = YES;
				CLANG_WARN_DEPRECATED_OBJC_IMPLEMENTATIONS = YES;
				CLANG_WARN_DIRECT_OBJC_ISA_USAGE = YES_ERROR;
				CLANG_WARN_DOCUMENTATION_COMMENTS = YES;
				CLANG_WARN_EMPTY_BODY = YES;
				CLANG_WARN_ENUM_CONVERSION = YES;
				CLANG_WARN_INFINITE_RECURSION = YES;
				CLANG_WARN_INT_CONVERSION = YES;
				CLANG_WARN_NON_LITERAL_NULL_CONVERSION = YES;
				CLANG_WARN_OBJC_IMPLICIT_RETAIN_SELF = YES;
				CLANG_WARN_OBJC_LITERAL_CONVERSION = YES;
				CLANG_WARN_OBJC_ROOT_CLASS = YES_ERROR;
				CLANG_WARN_QUOTED_INCLUDE_IN_FRAMEWORK_HEADER = YES;
				CLANG_WARN_RANGE_LOOP_ANALYSIS = YES;
				CLANG_WARN_STRICT_PROTOTYPES = YES;
				CLANG_WARN_SUSPICIOUS_MOVE = YES;
				CLANG_WARN_UNGUARDED_AVAILABILITY = YES_AGGRESSIVE;
				CLANG_WARN_UNREACHABLE_CODE = YES;
				CLANG_WARN__DUPLICATE_METHOD_MATCH = YES;
				COPY_PHASE_STRIP = NO;
				DEBUG_INFORMATION_FORMAT = "dwarf-with-dsym";
				ENABLE_NS_ASSERTIONS = NO;
				ENABLE_STRICT_OBJC_MSGSEND = YES;
				GCC_C_LANGUAGE_STANDARD = gnu11;
				GCC_NO_COMMON_BLOCKS = YES;
				GCC_WARN_64_TO_32_BIT_CONVERSION = YES;
				GCC_WARN_ABOUT_RETURN_TYPE = YES_ERROR;
				GCC_WARN_UNDECLARED_SELECTOR = YES;
				GCC_WARN_UNINITIALIZED_AUTOS = YES_AGGRESSIVE;
				GCC_WARN_UNUSED_FUNCTION = YES;
				GCC_WARN_UNUSED_VARIABLE = YES;
				IPHONEOS_DEPLOYMENT_TARGET = 16.1;
				MTL_ENABLE_DEBUG_INFO = NO;
				MTL_FAST_MATH = YES;
				SDKROOT = iphoneos;
				SWIFT_COMPILATION_MODE = wholemodule;
				SWIFT_OPTIMIZATION_LEVEL = "-O";
				VALIDATE_PRODUCT = YES;
			};
			name = Release;
		};
		F83FD7E929DF4B9C0072F2D1 /* Debug */ = {
			isa = XCBuildConfiguration;
			buildSettings = {
				ASSETCATALOG_COMPILER_APPICON_NAME = AppIcon;
				ASSETCATALOG_COMPILER_GLOBAL_ACCENT_COLOR_NAME = AccentColor;
				CODE_SIGN_STYLE = Automatic;
				CURRENT_PROJECT_VERSION = 1;
				DEVELOPMENT_ASSET_PATHS = "\"VoiceCallingApp/Preview Content\"";
				DEVELOPMENT_TEAM = CUW72829WY;
				ENABLE_PREVIEWS = YES;
				GENERATE_INFOPLIST_FILE = YES;
				INFOPLIST_FILE = VoiceCallingApp/Info.plist;
				INFOPLIST_KEY_NSCameraUsageDescription = "Need camera access to enable video calling";
				INFOPLIST_KEY_NSMicrophoneUsageDescription = "Need microphone access to enable voice calling";
				INFOPLIST_KEY_NSPhotoLibraryUsageDescription = "Need photo library access to enable sending images during calls";
				INFOPLIST_KEY_UIApplicationSceneManifest_Generation = YES;
				INFOPLIST_KEY_UIApplicationSupportsIndirectInputEvents = YES;
				INFOPLIST_KEY_UILaunchScreen_Generation = YES;
				INFOPLIST_KEY_UISupportedInterfaceOrientations_iPad = "UIInterfaceOrientationPortrait UIInterfaceOrientationPortraitUpsideDown UIInterfaceOrientationLandscapeLeft UIInterfaceOrientationLandscapeRight";
				INFOPLIST_KEY_UISupportedInterfaceOrientations_iPhone = "UIInterfaceOrientationPortrait UIInterfaceOrientationLandscapeLeft UIInterfaceOrientationLandscapeRight";
				LD_RUNPATH_SEARCH_PATHS = (
					"$(inherited)",
					"@executable_path/Frameworks",
				);
				MARKETING_VERSION = 1.0;
				PRODUCT_BUNDLE_IDENTIFIER = com.cemugurlu.VoiceCallingApp;
				PRODUCT_NAME = "$(TARGET_NAME)";
				SWIFT_EMIT_LOC_STRINGS = YES;
				SWIFT_VERSION = 5.0;
				TARGETED_DEVICE_FAMILY = "1,2";
			};
			name = Debug;
		};
		F83FD7EA29DF4B9C0072F2D1 /* Release */ = {
			isa = XCBuildConfiguration;
			buildSettings = {
				ASSETCATALOG_COMPILER_APPICON_NAME = AppIcon;
				ASSETCATALOG_COMPILER_GLOBAL_ACCENT_COLOR_NAME = AccentColor;
				CODE_SIGN_STYLE = Automatic;
				CURRENT_PROJECT_VERSION = 1;
				DEVELOPMENT_ASSET_PATHS = "\"VoiceCallingApp/Preview Content\"";
				DEVELOPMENT_TEAM = CUW72829WY;
				ENABLE_PREVIEWS = YES;
				GENERATE_INFOPLIST_FILE = YES;
				INFOPLIST_FILE = VoiceCallingApp/Info.plist;
				INFOPLIST_KEY_NSCameraUsageDescription = "Need camera access to enable video calling";
				INFOPLIST_KEY_NSMicrophoneUsageDescription = "Need microphone access to enable voice calling";
				INFOPLIST_KEY_NSPhotoLibraryUsageDescription = "Need photo library access to enable sending images during calls";
				INFOPLIST_KEY_UIApplicationSceneManifest_Generation = YES;
				INFOPLIST_KEY_UIApplicationSupportsIndirectInputEvents = YES;
				INFOPLIST_KEY_UILaunchScreen_Generation = YES;
				INFOPLIST_KEY_UISupportedInterfaceOrientations_iPad = "UIInterfaceOrientationPortrait UIInterfaceOrientationPortraitUpsideDown UIInterfaceOrientationLandscapeLeft UIInterfaceOrientationLandscapeRight";
				INFOPLIST_KEY_UISupportedInterfaceOrientations_iPhone = "UIInterfaceOrientationPortrait UIInterfaceOrientationLandscapeLeft UIInterfaceOrientationLandscapeRight";
				LD_RUNPATH_SEARCH_PATHS = (
					"$(inherited)",
					"@executable_path/Frameworks",
				);
				MARKETING_VERSION = 1.0;
				PRODUCT_BUNDLE_IDENTIFIER = com.cemugurlu.VoiceCallingApp;
				PRODUCT_NAME = "$(TARGET_NAME)";
				SWIFT_EMIT_LOC_STRINGS = YES;
				SWIFT_VERSION = 5.0;
				TARGETED_DEVICE_FAMILY = "1,2";
			};
			name = Release;
		};
/* End XCBuildConfiguration section */

/* Begin XCConfigurationList section */
		F83FD7D529DF4B9A0072F2D1 /* Build configuration list for PBXProject "VoiceCallingApp" */ = {
			isa = XCConfigurationList;
			buildConfigurations = (
				F83FD7E629DF4B9C0072F2D1 /* Debug */,
				F83FD7E729DF4B9C0072F2D1 /* Release */,
			);
			defaultConfigurationIsVisible = 0;
			defaultConfigurationName = Release;
		};
		F83FD7E829DF4B9C0072F2D1 /* Build configuration list for PBXNativeTarget "VoiceCallingApp" */ = {
			isa = XCConfigurationList;
			buildConfigurations = (
				F83FD7E929DF4B9C0072F2D1 /* Debug */,
				F83FD7EA29DF4B9C0072F2D1 /* Release */,
			);
			defaultConfigurationIsVisible = 0;
			defaultConfigurationName = Release;
		};
/* End XCConfigurationList section */

/* Begin XCRemoteSwiftPackageReference section */
		F83FD7EC29DF4D7D0072F2D1 /* XCRemoteSwiftPackageReference "AgoraAudio_iOS" */ = {
			isa = XCRemoteSwiftPackageReference;
			repositoryURL = "https://github.com/AgoraIO/AgoraAudio_iOS.git";
			requirement = {
				kind = upToNextMajorVersion;
				minimumVersion = 4.0.0;
			};
		};
/* End XCRemoteSwiftPackageReference section */

/* Begin XCSwiftPackageProductDependency section */
		F83FD7ED29DF4D7D0072F2D1 /* RtcBasic */ = {
			isa = XCSwiftPackageProductDependency;
			package = F83FD7EC29DF4D7D0072F2D1 /* XCRemoteSwiftPackageReference "AgoraAudio_iOS" */;
			productName = RtcBasic;
		};
/* End XCSwiftPackageProductDependency section */
	};
	rootObject = F83FD7D229DF4B9A0072F2D1 /* Project object */;
}
